
Microsoft Visual Studio Solution File, Format Version 12.00
# Visual Studio 15
VisualStudioVersion = 15.0.27130.2020
MinimumVisualStudioVersion = 10.0.40219.1
Project("{FAE04EC0-301F-11D3-BF4B-00C04F79EFBC}") = "InventoryManagementSystem.Android", "InventoryManagementSystem\InventoryManagementSystem.Android\InventoryManagementSystem.Android.csproj", "{6F024739-3622-4C70-9DD1-15C5658E3812}"
EndProject
Project("{FAE04EC0-301F-11D3-BF4B-00C04F79EFBC}") = "InventoryManagementSystem.iOS", "InventoryManagementSystem\InventoryManagementSystem.iOS\InventoryManagementSystem.iOS.csproj", "{AA28D568-D462-4EC6-A1AB-E5328DABB655}"
EndProject
Project("{9A19103F-16F7-4668-BE54-9A1E7A4F7556}") = "InventoryManagementSystem", "InventoryManagementSystem\InventoryManagementSystem\InventoryManagementSystem.csproj", "{FD2D7DA4-E6FD-43E6-9844-32FD1C266F92}"
EndProject
Project("{9A19103F-16F7-4668-BE54-9A1E7A4F7556}") = "Helper", "InventoryManagementSystem\Helper\Helper.csproj", "{482281CB-A1E4-43B0-B428-B5BC54C85AEC}"
EndProject
Global
	GlobalSection(SolutionConfigurationPlatforms) = preSolution
		Ad-Hoc|Any CPU = Ad-Hoc|Any CPU
		Ad-Hoc|iPhone = Ad-Hoc|iPhone
		Ad-Hoc|iPhoneSimulator = Ad-Hoc|iPhoneSimulator
		AppStore|Any CPU = AppStore|Any CPU
		AppStore|iPhone = AppStore|iPhone
		AppStore|iPhoneSimulator = AppStore|iPhoneSimulator
		Debug|Any CPU = Debug|Any CPU
		Debug|iPhone = Debug|iPhone
		Debug|iPhoneSimulator = Debug|iPhoneSimulator
		Release|Any CPU = Release|Any CPU
		Release|iPhone = Release|iPhone
		Release|iPhoneSimulator = Release|iPhoneSimulator
	EndGlobalSection
	GlobalSection(ProjectConfigurationPlatforms) = postSolution
		{6F024739-3622-4C70-9DD1-15C5658E3812}.Ad-Hoc|Any CPU.ActiveCfg = Release|Any CPU
		{6F024739-3622-4C70-9DD1-15C5658E3812}.Ad-Hoc|Any CPU.Build.0 = Release|Any CPU
		{6F024739-3622-4C70-9DD1-15C5658E3812}.Ad-Hoc|Any CPU.Deploy.0 = Release|Any CPU
		{6F024739-3622-4C70-9DD1-15C5658E3812}.Ad-Hoc|iPhone.ActiveCfg = Release|Any CPU
		{6F024739-3622-4C70-9DD1-15C5658E3812}.Ad-Hoc|iPhone.Build.0 = Release|Any CPU
		{6F024739-3622-4C70-9DD1-15C5658E3812}.Ad-Hoc|iPhone.Deploy.0 = Release|Any CPU
		{6F024739-3622-4C70-9DD1-15C5658E3812}.Ad-Hoc|iPhoneSimulator.ActiveCfg = Release|Any CPU
		{6F024739-3622-4C70-9DD1-15C5658E3812}.Ad-Hoc|iPhoneSimulator.Build.0 = Release|Any CPU
		{6F024739-3622-4C70-9DD1-15C5658E3812}.Ad-Hoc|iPhoneSimulator.Deploy.0 = Release|Any CPU
		{6F024739-3622-4C70-9DD1-15C5658E3812}.AppStore|Any CPU.ActiveCfg = Release|Any CPU
		{6F024739-3622-4C70-9DD1-15C5658E3812}.AppStore|Any CPU.Build.0 = Release|Any CPU
		{6F024739-3622-4C70-9DD1-15C5658E3812}.AppStore|Any CPU.Deploy.0 = Release|Any CPU
		{6F024739-3622-4C70-9DD1-15C5658E3812}.AppStore|iPhone.ActiveCfg = Release|Any CPU
		{6F024739-3622-4C70-9DD1-15C5658E3812}.AppStore|iPhone.Build.0 = Release|Any CPU
		{6F024739-3622-4C70-9DD1-15C5658E3812}.AppStore|iPhone.Deploy.0 = Release|Any CPU
		{6F024739-3622-4C70-9DD1-15C5658E3812}.AppStore|iPhoneSimulator.ActiveCfg = Release|Any CPU
		{6F024739-3622-4C70-9DD1-15C5658E3812}.AppStore|iPhoneSimulator.Build.0 = Release|Any CPU
		{6F024739-3622-4C70-9DD1-15C5658E3812}.AppStore|iPhoneSimulator.Deploy.0 = Release|Any CPU
		{6F024739-3622-4C70-9DD1-15C5658E3812}.Debug|Any CPU.ActiveCfg = Debug|Any CPU
		{6F024739-3622-4C70-9DD1-15C5658E3812}.Debug|Any CPU.Build.0 = Debug|Any CPU
		{6F024739-3622-4C70-9DD1-15C5658E3812}.Debug|Any CPU.Deploy.0 = Debug|Any CPU
		{6F024739-3622-4C70-9DD1-15C5658E3812}.Debug|iPhone.ActiveCfg = Debug|Any CPU
		{6F024739-3622-4C70-9DD1-15C5658E3812}.Debug|iPhone.Build.0 = Debug|Any CPU
		{6F024739-3622-4C70-9DD1-15C5658E3812}.Debug|iPhone.Deploy.0 = Debug|Any CPU
		{6F024739-3622-4C70-9DD1-15C5658E3812}.Debug|iPhoneSimulator.ActiveCfg = Debug|Any CPU
		{6F024739-3622-4C70-9DD1-15C5658E3812}.Debug|iPhoneSimulator.Build.0 = Debug|Any CPU
		{6F024739-3622-4C70-9DD1-15C5658E3812}.Debug|iPhoneSimulator.Deploy.0 = Debug|Any CPU
		{6F024739-3622-4C70-9DD1-15C5658E3812}.Release|Any CPU.ActiveCfg = Release|Any CPU
		{6F024739-3622-4C70-9DD1-15C5658E3812}.Release|Any CPU.Build.0 = Release|Any CPU
		{6F024739-3622-4C70-9DD1-15C5658E3812}.Release|Any CPU.Deploy.0 = Release|Any CPU
		{6F024739-3622-4C70-9DD1-15C5658E3812}.Release|iPhone.ActiveCfg = Release|Any CPU
		{6F024739-3622-4C70-9DD1-15C5658E3812}.Release|iPhone.Build.0 = Release|Any CPU
		{6F024739-3622-4C70-9DD1-15C5658E3812}.Release|iPhone.Deploy.0 = Release|Any CPU
		{6F024739-3622-4C70-9DD1-15C5658E3812}.Release|iPhoneSimulator.ActiveCfg = Release|Any CPU
		{6F024739-3622-4C70-9DD1-15C5658E3812}.Release|iPhoneSimulator.Build.0 = Release|Any CPU
		{6F024739-3622-4C70-9DD1-15C5658E3812}.Release|iPhoneSimulator.Deploy.0 = Release|Any CPU
		{AA28D568-D462-4EC6-A1AB-E5328DABB655}.Ad-Hoc|Any CPU.ActiveCfg = Ad-Hoc|iPhone
		{AA28D568-D462-4EC6-A1AB-E5328DABB655}.Ad-Hoc|iPhone.ActiveCfg = Ad-Hoc|iPhone
		{AA28D568-D462-4EC6-A1AB-E5328DABB655}.Ad-Hoc|iPhone.Build.0 = Ad-Hoc|iPhone
		{AA28D568-D462-4EC6-A1AB-E5328DABB655}.Ad-Hoc|iPhoneSimulator.ActiveCfg = Ad-Hoc|iPhoneSimulator
		{AA28D568-D462-4EC6-A1AB-E5328DABB655}.Ad-Hoc|iPhoneSimulator.Build.0 = Ad-Hoc|iPhoneSimulator
		{AA28D568-D462-4EC6-A1AB-E5328DABB655}.AppStore|Any CPU.ActiveCfg = AppStore|iPhone
		{AA28D568-D462-4EC6-A1AB-E5328DABB655}.AppStore|iPhone.ActiveCfg = AppStore|iPhone
		{AA28D568-D462-4EC6-A1AB-E5328DABB655}.AppStore|iPhone.Build.0 = AppStore|iPhone
		{AA28D568-D462-4EC6-A1AB-E5328DABB655}.AppStore|iPhoneSimulator.ActiveCfg = AppStore|iPhoneSimulator
		{AA28D568-D462-4EC6-A1AB-E5328DABB655}.AppStore|iPhoneSimulator.Build.0 = AppStore|iPhoneSimulator
		{AA28D568-D462-4EC6-A1AB-E5328DABB655}.Debug|Any CPU.ActiveCfg = Debug|iPhone
		{AA28D568-D462-4EC6-A1AB-E5328DABB655}.Debug|iPhone.ActiveCfg = Debug|iPhone
		{AA28D568-D462-4EC6-A1AB-E5328DABB655}.Debug|iPhone.Build.0 = Debug|iPhone
		{AA28D568-D462-4EC6-A1AB-E5328DABB655}.Debug|iPhoneSimulator.ActiveCfg = Debug|iPhoneSimulator
		{AA28D568-D462-4EC6-A1AB-E5328DABB655}.Debug|iPhoneSimulator.Build.0 = Debug|iPhoneSimulator
		{AA28D568-D462-4EC6-A1AB-E5328DABB655}.Release|Any CPU.ActiveCfg = Release|iPhone
		{AA28D568-D462-4EC6-A1AB-E5328DABB655}.Release|iPhone.ActiveCfg = Release|iPhone
		{AA28D568-D462-4EC6-A1AB-E5328DABB655}.Release|iPhone.Build.0 = Release|iPhone
		{AA28D568-D462-4EC6-A1AB-E5328DABB655}.Release|iPhoneSimulator.ActiveCfg = Release|iPhoneSimulator
		{AA28D568-D462-4EC6-A1AB-E5328DABB655}.Release|iPhoneSimulator.Build.0 = Release|iPhoneSimulator
		{FD2D7DA4-E6FD-43E6-9844-32FD1C266F92}.Ad-Hoc|Any CPU.ActiveCfg = Debug|Any CPU
		{FD2D7DA4-E6FD-43E6-9844-32FD1C266F92}.Ad-Hoc|Any CPU.Build.0 = Debug|Any CPU
		{FD2D7DA4-E6FD-43E6-9844-32FD1C266F92}.Ad-Hoc|iPhone.ActiveCfg = Debug|Any CPU
		{FD2D7DA4-E6FD-43E6-9844-32FD1C266F92}.Ad-Hoc|iPhone.Build.0 = Debug|Any CPU
		{FD2D7DA4-E6FD-43E6-9844-32FD1C266F92}.Ad-Hoc|iPhoneSimulator.ActiveCfg = Debug|Any CPU
		{FD2D7DA4-E6FD-43E6-9844-32FD1C266F92}.Ad-Hoc|iPhoneSimulator.Build.0 = Debug|Any CPU
		{FD2D7DA4-E6FD-43E6-9844-32FD1C266F92}.AppStore|Any CPU.ActiveCfg = Debug|Any CPU
		{FD2D7DA4-E6FD-43E6-9844-32FD1C266F92}.AppStore|Any CPU.Build.0 = Debug|Any CPU
		{FD2D7DA4-E6FD-43E6-9844-32FD1C266F92}.AppStore|iPhone.ActiveCfg = Debug|Any CPU
		{FD2D7DA4-E6FD-43E6-9844-32FD1C266F92}.AppStore|iPhone.Build.0 = Debug|Any CPU
		{FD2D7DA4-E6FD-43E6-9844-32FD1C266F92}.AppStore|iPhoneSimulator.ActiveCfg = Debug|Any CPU
		{FD2D7DA4-E6FD-43E6-9844-32FD1C266F92}.AppStore|iPhoneSimulator.Build.0 = Debug|Any CPU
		{FD2D7DA4-E6FD-43E6-9844-32FD1C266F92}.Debug|Any CPU.ActiveCfg = Debug|Any CPU
		{FD2D7DA4-E6FD-43E6-9844-32FD1C266F92}.Debug|Any CPU.Build.0 = Debug|Any CPU
		{FD2D7DA4-E6FD-43E6-9844-32FD1C266F92}.Debug|iPhone.ActiveCfg = Debug|Any CPU
		{FD2D7DA4-E6FD-43E6-9844-32FD1C266F92}.Debug|iPhone.Build.0 = Debug|Any CPU
		{FD2D7DA4-E6FD-43E6-9844-32FD1C266F92}.Debug|iPhoneSimulator.ActiveCfg = Debug|Any CPU
		{FD2D7DA4-E6FD-43E6-9844-32FD1C266F92}.Debug|iPhoneSimulator.Build.0 = Debug|Any CPU
		{FD2D7DA4-E6FD-43E6-9844-32FD1C266F92}.Release|Any CPU.ActiveCfg = Release|Any CPU
		{FD2D7DA4-E6FD-43E6-9844-32FD1C266F92}.Release|Any CPU.Build.0 = Release|Any CPU
		{FD2D7DA4-E6FD-43E6-9844-32FD1C266F92}.Release|iPhone.ActiveCfg = Release|Any CPU
		{FD2D7DA4-E6FD-43E6-9844-32FD1C266F92}.Release|iPhone.Build.0 = Release|Any CPU
		{FD2D7DA4-E6FD-43E6-9844-32FD1C266F92}.Release|iPhoneSimulator.ActiveCfg = Release|Any CPU
		{FD2D7DA4-E6FD-43E6-9844-32FD1C266F92}.Release|iPhoneSimulator.Build.0 = Release|Any CPU
		{482281CB-A1E4-43B0-B428-B5BC54C85AEC}.Ad-Hoc|Any CPU.ActiveCfg = Debug|Any CPU
		{482281CB-A1E4-43B0-B428-B5BC54C85AEC}.Ad-Hoc|Any CPU.Build.0 = Debug|Any CPU
		{482281CB-A1E4-43B0-B428-B5BC54C85AEC}.Ad-Hoc|iPhone.ActiveCfg = Debug|Any CPU
		{482281CB-A1E4-43B0-B428-B5BC54C85AEC}.Ad-Hoc|iPhone.Build.0 = Debug|Any CPU
		{482281CB-A1E4-43B0-B428-B5BC54C85AEC}.Ad-Hoc|iPhoneSimulator.ActiveCfg = Debug|Any CPU
		{482281CB-A1E4-43B0-B428-B5BC54C85AEC}.Ad-Hoc|iPhoneSimulator.Build.0 = Debug|Any CPU
		{482281CB-A1E4-43B0-B428-B5BC54C85AEC}.AppStore|Any CPU.ActiveCfg = Debug|Any CPU
		{482281CB-A1E4-43B0-B428-B5BC54C85AEC}.AppStore|Any CPU.Build.0 = Debug|Any CPU
		{482281CB-A1E4-43B0-B428-B5BC54C85AEC}.AppStore|iPhone.ActiveCfg = Debug|Any CPU
		{482281CB-A1E4-43B0-B428-B5BC54C85AEC}.AppStore|iPhone.Build.0 = Debug|Any CPU
		{482281CB-A1E4-43B0-B428-B5BC54C85AEC}.AppStore|iPhoneSimulator.ActiveCfg = Debug|Any CPU
		{482281CB-A1E4-43B0-B428-B5BC54C85AEC}.AppStore|iPhoneSimulator.Build.0 = Debug|Any CPU
		{482281CB-A1E4-43B0-B428-B5BC54C85AEC}.Debug|Any CPU.ActiveCfg = Debug|Any CPU
		{482281CB-A1E4-43B0-B428-B5BC54C85AEC}.Debug|Any CPU.Build.0 = Debug|Any CPU
		{482281CB-A1E4-43B0-B428-B5BC54C85AEC}.Debug|iPhone.ActiveCfg = Debug|Any CPU
		{482281CB-A1E4-43B0-B428-B5BC54C85AEC}.Debug|iPhone.Build.0 = Debug|Any CPU
		{482281CB-A1E4-43B0-B428-B5BC54C85AEC}.Debug|iPhoneSimulator.ActiveCfg = Debug|Any CPU
		{482281CB-A1E4-43B0-B428-B5BC54C85AEC}.Debug|iPhoneSimulator.Build.0 = Debug|Any CPU
		{482281CB-A1E4-43B0-B428-B5BC54C85AEC}.Release|Any CPU.ActiveCfg = Release|Any CPU
		{482281CB-A1E4-43B0-B428-B5BC54C85AEC}.Release|Any CPU.Build.0 = Release|Any CPU
		{482281CB-A1E4-43B0-B428-B5BC54C85AEC}.Release|iPhone.ActiveCfg = Release|Any CPU
		{482281CB-A1E4-43B0-B428-B5BC54C85AEC}.Release|iPhone.Build.0 = Release|Any CPU
		{482281CB-A1E4-43B0-B428-B5BC54C85AEC}.Release|iPhoneSimulator.ActiveCfg = Release|Any CPU
		{482281CB-A1E4-43B0-B428-B5BC54C85AEC}.Release|iPhoneSimulator.Build.0 = Release|Any CPU
	EndGlobalSection
	GlobalSection(SolutionProperties) = preSolution
		HideSolutionNode = FALSE
	EndGlobalSection
	GlobalSection(ExtensibilityGlobals) = postSolution
		SolutionGuid = {931D976A-5DA6-40D9-BC41-A09B62B61220}
	EndGlobalSection
EndGlobal
